# This file is generated by running "yarn install" inside your project.
# Manual changes might be lost - proceed with caution!

__metadata:
  version: 6
  cacheKey: 8

"deeks@npm:2.5.1":
  version: 2.5.1
  resolution: "deeks@npm:2.5.1"
  checksum: 0f0943829dcc4367bfe8b308ade05e5b781a3e3f11bf1b0a8287f13ac9f7cddd525a936b20b660bc26503167572b8c224a89cbf197bd39b254d78f93a4fb7f64
  languageName: node
  linkType: hard

"doc-path@npm:3.0.2":
  version: 3.0.2
  resolution: "doc-path@npm:3.0.2"
  checksum: 2e27a8887edffaa14518cdaea93d49f1be7f7c8f5661997e374c7d5814de1e1be6fcb121f890b1c46c3254b45385fc88288903d45de24d368e8b505443514f6e
  languageName: node
  linkType: hard

"fs-extra@npm:~10.1.0":
  version: 10.1.0
  resolution: "fs-extra@npm:10.1.0"
  dependencies:
    graceful-fs: ^4.2.0
    jsonfile: ^6.0.1
    universalify: ^2.0.0
  checksum: dc94ab37096f813cc3ca12f0f1b5ad6744dfed9ed21e953d72530d103cea193c2f81584a39e9dee1bea36de5ee66805678c0dddc048e8af1427ac19c00fffc50
  languageName: node
  linkType: hard

"graceful-fs@npm:^4.1.6, graceful-fs@npm:^4.2.0":
  version: 4.2.10
  resolution: "graceful-fs@npm:4.2.10"
  checksum: 3f109d70ae123951905d85032ebeae3c2a5a7a997430df00ea30df0e3a6c60cf6689b109654d6fdacd28810a053348c4d14642da1d075049e6be1ba5216218da
  languageName: node
  linkType: hard

"json-2-csv@npm:~3.17.1":
  version: 3.17.1
  resolution: "json-2-csv@npm:3.17.1"
  dependencies:
    deeks: 2.5.1
    doc-path: 3.0.2
  checksum: ee48580f182a744fa2ba5f4da92b540ea8d341b939b9de6f22544245950739bb3ca6c592af5de742476cdaa9709174bed31930f16d59c091dd9b514694dcf5d9
  languageName: node
  linkType: hard

"json-to-csv-util@workspace:.":
  version: 0.0.0-use.local
  resolution: "json-to-csv-util@workspace:."
  dependencies:
    fs-extra: ~10.1.0
    json-2-csv: ~3.17.1
  languageName: unknown
  linkType: soft

"jsonfile@npm:^6.0.1":
  version: 6.1.0
  resolution: "jsonfile@npm:6.1.0"
  dependencies:
    graceful-fs: ^4.1.6
    universalify: ^2.0.0
  dependenciesMeta:
    graceful-fs:
      optional: true
  checksum: 7af3b8e1ac8fe7f1eccc6263c6ca14e1966fcbc74b618d3c78a0a2075579487547b94f72b7a1114e844a1e15bb00d440e5d1720bfc4612d790a6f285d5ea8354
  languageName: node
  linkType: hard

"universalify@npm:^2.0.0":
  version: 2.0.0
  resolution: "universalify@npm:2.0.0"
  checksum: 2406a4edf4a8830aa6813278bab1f953a8e40f2f63a37873ffa9a3bc8f9745d06cc8e88f3572cb899b7e509013f7f6fcc3e37e8a6d914167a5381d8440518c44
  languageName: node
  linkType: hard
