# This file is generated by running "yarn install" inside your project.
# Manual changes might be lost - proceed with caution!

__metadata:
  version: 6
  cacheKey: 8

"deeks@npm:2.5.1":
  version: 2.5.1
  resolution: "deeks@npm:2.5.1"
  checksum: 0f0943829dcc4367bfe8b308ade05e5b781a3e3f11bf1b0a8287f13ac9f7cddd525a936b20b660bc26503167572b8c224a89cbf197bd39b254d78f93a4fb7f64
  languageName: node
  linkType: hard

"doc-path@npm:3.0.2":
  version: 3.0.2
  resolution: "doc-path@npm:3.0.2"
  checksum: 2e27a8887edffaa14518cdaea93d49f1be7f7c8f5661997e374c7d5814de1e1be6fcb121f890b1c46c3254b45385fc88288903d45de24d368e8b505443514f6e
  languageName: node
  linkType: hard

"json-2-csv@npm:^3.17.1":
  version: 3.17.1
  resolution: "json-2-csv@npm:3.17.1"
  dependencies:
    deeks: 2.5.1
    doc-path: 3.0.2
  checksum: ee48580f182a744fa2ba5f4da92b540ea8d341b939b9de6f22544245950739bb3ca6c592af5de742476cdaa9709174bed31930f16d59c091dd9b514694dcf5d9
  languageName: node
  linkType: hard

"json-to-csv@workspace:.":
  version: 0.0.0-use.local
  resolution: "json-to-csv@workspace:."
  dependencies:
    json-2-csv: ^3.17.1
  languageName: unknown
  linkType: soft
